
Microsoft Visual Studio Solution File, Format Version 12.00
# Visual Studio Version 16
VisualStudioVersion = 16.0.31402.337
MinimumVisualStudioVersion = 10.0.40219.1
Project("{8BC9CEB8-8B4A-11D0-8D11-00A0C91BC942}") = "Threaded_server", "Threaded_server.vcxproj", "{BC647F09-6DBC-426E-BAE1-A7A5535D1715}"
EndProject
Global
	GlobalSection(SolutionConfigurationPlatforms) = preSolution
		Debug|x64 = Debug|x64
		Debug|x86 = Debug|x86
		Release|x64 = Release|x64
		Release|x86 = Release|x86
	EndGlobalSection
	GlobalSection(ProjectConfigurationPlatforms) = postSolution
		{BC647F09-6DBC-426E-BAE1-A7A5535D1715}.Debug|x64.ActiveCfg = Debug|x64
		{BC647F09-6DBC-426E-BAE1-A7A5535D1715}.Debug|x64.Build.0 = Debug|x64
		{BC647F09-6DBC-426E-BAE1-A7A5535D1715}.Debug|x86.ActiveCfg = Debug|Win32
		{BC647F09-6DBC-426E-BAE1-A7A5535D1715}.Debug|x86.Build.0 = Debug|Win32
		{BC647F09-6DBC-426E-BAE1-A7A5535D1715}.Release|x64.ActiveCfg = Release|x64
		{BC647F09-6DBC-426E-BAE1-A7A5535D1715}.Release|x64.Build.0 = Release|x64
		{BC647F09-6DBC-426E-BAE1-A7A5535D1715}.Release|x86.ActiveCfg = Release|Win32
		{BC647F09-6DBC-426E-BAE1-A7A5535D1715}.Release|x86.Build.0 = Release|Win32
	EndGlobalSection
	GlobalSection(SolutionProperties) = preSolution
		HideSolutionNode = FALSE
	EndGlobalSection
	GlobalSection(ExtensibilityGlobals) = postSolution
		SolutionGuid = {BB943EB0-6AAD-4A05-900D-7EFD098CADEE}
	EndGlobalSection
EndGlobal
